
Microsoft Visual Studio Solution File, Format Version 12.00
# Visual Studio Version 16
VisualStudioVersion = 16.0.29306.81
MinimumVisualStudioVersion = 10.0.40219.1
Project("{9A19103F-16F7-4668-BE54-9A1E7A4F7556}") = "DigitalRegistry", "DigitalRegistry.csproj", "{A2ABD2B6-93D2-4F0B-AE6D-0B08C2DC88C3}"
EndProject
Global
	GlobalSection(SolutionConfigurationPlatforms) = preSolution
		Debug|Any CPU = Debug|Any CPU
		Release|Any CPU = Release|Any CPU
	EndGlobalSection
	GlobalSection(ProjectConfigurationPlatforms) = postSolution
		{A2ABD2B6-93D2-4F0B-AE6D-0B08C2DC88C3}.Debug|Any CPU.ActiveCfg = Debug|Any CPU
		{A2ABD2B6-93D2-4F0B-AE6D-0B08C2DC88C3}.Debug|Any CPU.Build.0 = Debug|Any CPU
		{A2ABD2B6-93D2-4F0B-AE6D-0B08C2DC88C3}.Release|Any CPU.ActiveCfg = Release|Any CPU
		{A2ABD2B6-93D2-4F0B-AE6D-0B08C2DC88C3}.Release|Any CPU.Build.0 = Release|Any CPU
	EndGlobalSection
	GlobalSection(SolutionProperties) = preSolution
		HideSolutionNode = FALSE
	EndGlobalSection
	GlobalSection(ExtensibilityGlobals) = postSolution
		SolutionGuid = {0D4CDCE6-1AD7-4904-91E9-44EC82779CED}
	EndGlobalSection
EndGlobal
